
Microsoft Visual Studio Solution File, Format Version 12.00
# Visual Studio Version 17
VisualStudioVersion = 17.2.32526.322
MinimumVisualStudioVersion = 10.0.40219.1
Project("{FAE04EC0-301F-11D3-BF4B-00C04F79EFBC}") = "TestApp", "TestApp\TestApp.csproj", "{04442F9D-8467-4608-929C-A2C3D68E6B8C}"
EndProject
Project("{FAE04EC0-301F-11D3-BF4B-00C04F79EFBC}") = "EFCore.TimescaleDB.Extensions", "EFCore.TimescaleDB.Extensions\EFCore.TimescaleDB.Extensions.csproj", "{BF24CC2A-F266-4343-99A0-0E87820284CF}"
EndProject
Global
	GlobalSection(SolutionConfigurationPlatforms) = preSolution
		Debug|Any CPU = Debug|Any CPU
		Release|Any CPU = Release|Any CPU
	EndGlobalSection
	GlobalSection(ProjectConfigurationPlatforms) = postSolution
		{04442F9D-8467-4608-929C-A2C3D68E6B8C}.Debug|Any CPU.ActiveCfg = Debug|Any CPU
		{04442F9D-8467-4608-929C-A2C3D68E6B8C}.Debug|Any CPU.Build.0 = Debug|Any CPU
		{04442F9D-8467-4608-929C-A2C3D68E6B8C}.Release|Any CPU.ActiveCfg = Release|Any CPU
		{04442F9D-8467-4608-929C-A2C3D68E6B8C}.Release|Any CPU.Build.0 = Release|Any CPU
		{BF24CC2A-F266-4343-99A0-0E87820284CF}.Debug|Any CPU.ActiveCfg = Debug|Any CPU
		{BF24CC2A-F266-4343-99A0-0E87820284CF}.Debug|Any CPU.Build.0 = Debug|Any CPU
		{BF24CC2A-F266-4343-99A0-0E87820284CF}.Release|Any CPU.ActiveCfg = Release|Any CPU
		{BF24CC2A-F266-4343-99A0-0E87820284CF}.Release|Any CPU.Build.0 = Release|Any CPU
	EndGlobalSection
	GlobalSection(SolutionProperties) = preSolution
		HideSolutionNode = FALSE
	EndGlobalSection
	GlobalSection(ExtensibilityGlobals) = postSolution
		SolutionGuid = {7FB3EBEA-DC9A-4B63-839B-56A5B3D82AA8}
	EndGlobalSection
EndGlobal
